
Microsoft Visual Studio Solution File, Format Version 12.00
# Visual Studio Version 16
VisualStudioVersion = 16.0.28803.452
MinimumVisualStudioVersion = 10.0.40219.1
Project("{FAE04EC0-301F-11D3-BF4B-00C04F79EFBC}") = "AADauth_Autofac", "AADauth_Autofac\AADauth_Autofac.csproj", "{6684610A-D042-4D9D-A9DD-35A47879DB25}"
EndProject
Global
	GlobalSection(SolutionConfigurationPlatforms) = preSolution
		Debug|Any CPU = Debug|Any CPU
		Release|Any CPU = Release|Any CPU
	EndGlobalSection
	GlobalSection(ProjectConfigurationPlatforms) = postSolution
		{6684610A-D042-4D9D-A9DD-35A47879DB25}.Debug|Any CPU.ActiveCfg = Debug|Any CPU
		{6684610A-D042-4D9D-A9DD-35A47879DB25}.Debug|Any CPU.Build.0 = Debug|Any CPU
		{6684610A-D042-4D9D-A9DD-35A47879DB25}.Release|Any CPU.ActiveCfg = Release|Any CPU
		{6684610A-D042-4D9D-A9DD-35A47879DB25}.Release|Any CPU.Build.0 = Release|Any CPU
	EndGlobalSection
	GlobalSection(SolutionProperties) = preSolution
		HideSolutionNode = FALSE
	EndGlobalSection
	GlobalSection(ExtensibilityGlobals) = postSolution
		SolutionGuid = {CEB9C296-7C3C-4072-9597-60660B5C817B}
	EndGlobalSection
EndGlobal
